{
  "lockfile_version": "1",
  "packages": {
    "gh@latest": {
      "last_modified": "2025-05-19T23:16:24Z",
      "resolved": "github:NixOS/nixpkgs/359c442b7d1f6229c1dc978116d32d6c07fe8440#gh",
      "source": "devbox-search",
      "version": "2.73.0",
      "systems": {
        "aarch64-darwin": {
          "outputs": [
            {
              "name": "out",
              "path": "/nix/store/inxkf35rrzg4lpn2npgd948nhmhxmm8j-gh-2.73.0",
              "default": true
            }
          ],
          "store_path": "/nix/store/inxkf35rrzg4lpn2npgd948nhmhxmm8j-gh-2.73.0"
        },
        "aarch64-linux": {
          "outputs": [
            {
              "name": "out",
              "path": "/nix/store/2cz3xa8ird2alc3r3ls0y2gdh3r04ssm-gh-2.73.0",
              "default": true
            }
          ],
          "store_path": "/nix/store/2cz3xa8ird2alc3r3ls0y2gdh3r04ssm-gh-2.73.0"
        },
        "x86_64-darwin": {
          "outputs": [
            {
              "name": "out",
              "path": "/nix/store/2z3hpmxp4z8qwcqh0fn68603wizqzr19-gh-2.73.0",
              "default": true
            }
          ],
          "store_path": "/nix/store/2z3hpmxp4z8qwcqh0fn68603wizqzr19-gh-2.73.0"
        },
        "x86_64-linux": {
          "outputs": [
            {
              "name": "out",
              "path": "/nix/store/ldj4l6hdw3qyz93k3lrk22gw30hmj3ki-gh-2.73.0",
              "default": true
            }
          ],
          "store_path": "/nix/store/ldj4l6hdw3qyz93k3lrk22gw30hmj3ki-gh-2.73.0"
        }
      }
    },
    "git@latest": {
      "last_modified": "2025-05-29T08:12:58Z",
      "resolved": "github:NixOS/nixpkgs/3866ad91cfc172f08a6839def503d8fc2923c603#git",
      "source": "devbox-search",
      "version": "2.49.0",
      "systems": {
        "aarch64-darwin": {
          "outputs": [
            {
              "name": "out",
              "path": "/nix/store/9pa6rygnkrdp03j4ba0w6yb5qid5x3qb-git-2.49.0",
              "default": true
            },
            {
              "name": "doc",
              "path": "/nix/store/4a1f3ymqasdx2sfwn615n6x6z15qk5nd-git-2.49.0-doc"
            }
          ],
          "store_path": "/nix/store/9pa6rygnkrdp03j4ba0w6yb5qid5x3qb-git-2.49.0"
        },
        "aarch64-linux": {
          "outputs": [
            {
              "name": "out",
              "path": "/nix/store/bqk89pw1wmjzrqi20vqz194ylfhl5cnm-git-2.49.0",
              "default": true
            },
            {
              "name": "doc",
              "path": "/nix/store/ll9hlbwp3vvihpx2p2g7mykrl2a4snk4-git-2.49.0-doc"
            },
            {
              "name": "debug",
              "path": "/nix/store/ypv73aihzciz9x12imf5dvz4qkn4wakd-git-2.49.0-debug"
            }
          ],
          "store_path": "/nix/store/bqk89pw1wmjzrqi20vqz194ylfhl5cnm-git-2.49.0"
        },
        "x86_64-darwin": {
          "outputs": [
            {
              "name": "out",
              "path": "/nix/store/38kaic6dax0nkj4xwnyysmlwzdlrfdfr-git-2.49.0",
              "default": true
            },
            {
              "name": "doc",
              "path": "/nix/store/0544ir9xg154jsb00i0881ggpafyw4nc-git-2.49.0-doc"
            }
          ],
          "store_path": "/nix/store/38kaic6dax0nkj4xwnyysmlwzdlrfdfr-git-2.49.0"
        },
        "x86_64-linux": {
          "outputs": [
            {
              "name": "out",
              "path": "/nix/store/805a5wv1cyah5awij184yfad1ksmbh9f-git-2.49.0",
              "default": true
            },
            {
              "name": "doc",
              "path": "/nix/store/7dfxlvdhr5g57b1v8gxwpa2gs7i9g3y5-git-2.49.0-doc"
            },
            {
              "name": "debug",
              "path": "/nix/store/6nibw5w4xay921qx7lp74bs10qsqp0g9-git-2.49.0-debug"
            }
          ],
          "store_path": "/nix/store/805a5wv1cyah5awij184yfad1ksmbh9f-git-2.49.0"
        }
      }
    },
    "github:NixOS/nixpkgs/nixpkgs-unstable": {
      "last_modified": "2025-06-08T07:56:50Z",
      "resolved": "github:NixOS/nixpkgs/8207ad0d501dd3590e0e81a7c56b386a5c4342c9?lastModified=1749369410&narHash=sha256-P1eYm8bewiyWg3QaPCHrOp6iWg%2F7ESi%2FaGHT4yilyNo%3D"
    },
    "go@latest": {
      "last_modified": "2025-05-16T20:19:48Z",
      "resolved": "github:NixOS/nixpkgs/12a55407652e04dcf2309436eb06fef0d3713ef3#go",
      "source": "devbox-search",
      "version": "1.24.3",
      "systems": {
        "aarch64-darwin": {
          "outputs": [
            {
              "name": "out",
              "path": "/nix/store/ps3admpzmc1ryvn9q7sw5xfd94dkrb3f-go-1.24.3",
              "default": true
            }
          ],
          "store_path": "/nix/store/ps3admpzmc1ryvn9q7sw5xfd94dkrb3f-go-1.24.3"
        },
        "aarch64-linux": {
          "outputs": [
            {
              "name": "out",
              "path": "/nix/store/45bnqhyyq40p91k3cjw0farx3hn1swx6-go-1.24.3",
              "default": true
            }
          ],
          "store_path": "/nix/store/45bnqhyyq40p91k3cjw0farx3hn1swx6-go-1.24.3"
        },
        "x86_64-darwin": {
          "outputs": [
            {
              "name": "out",
              "path": "/nix/store/9z2kb6hxij7pqi0fgcn9ijhpb7ajpazs-go-1.24.3",
              "default": true
            }
          ],
          "store_path": "/nix/store/9z2kb6hxij7pqi0fgcn9ijhpb7ajpazs-go-1.24.3"
        },
        "x86_64-linux": {
          "outputs": [
            {
              "name": "out",
              "path": "/nix/store/5xvi25nqmbrg58aixp4zgczilfnp7pwg-go-1.24.3",
              "default": true
            }
          ],
          "store_path": "/nix/store/5xvi25nqmbrg58aixp4zgczilfnp7pwg-go-1.24.3"
        }
      }
    },
    "python3@latest": {
      "last_modified": "2025-01-06T03:40:18Z",
      "plugin_version": "0.0.4",
      "resolved": "github:NixOS/nixpkgs/3df3c47c19dc90fec35359e89ffb52b34d2b0e94#python3",
      "source": "devbox-search",
      "version": "3.12.8",
      "systems": {
        "aarch64-darwin": {
          "outputs": [
            {
              "name": "out",
              "path": "/nix/store/8zc3wcplydp8gsxms24scpzdca438dk5-python3-3.12.8",
              "default": true
            }
          ],
          "store_path": "/nix/store/8zc3wcplydp8gsxms24scpzdca438dk5-python3-3.12.8"
        },
        "aarch64-linux": {
          "outputs": [
            {
              "name": "out",
              "path": "/nix/store/66pn6ysmvx675061xaq2vz93s9vdc5p4-python3-3.12.8",
              "default": true
            },
            {
              "name": "debug",
              "path": "/nix/store/brcg3a34fi45ffky63g5pqd22sksvq13-python3-3.12.8-debug"
            }
          ],
          "store_path": "/nix/store/66pn6ysmvx675061xaq2vz93s9vdc5p4-python3-3.12.8"
        },
        "x86_64-darwin": {
          "outputs": [
            {
              "name": "out",
              "path": "/nix/store/fpmkmdzgd1q7kqadc7czcjdhjj7bsc0i-python3-3.12.8",
              "default": true
            }
          ],
          "store_path": "/nix/store/fpmkmdzgd1q7kqadc7czcjdhjj7bsc0i-python3-3.12.8"
        },
        "x86_64-linux": {
          "outputs": [
            {
              "name": "out",
              "path": "/nix/store/c9m6yd8fg1flz2j5r4bif1ib5j20a0cy-python3-3.12.8",
              "default": true
            },
            {
              "name": "debug",
              "path": "/nix/store/cicfrcjr8pky8qd0gxw0x84ynyviy6b5-python3-3.12.8-debug"
            }
          ],
          "store_path": "/nix/store/c9m6yd8fg1flz2j5r4bif1ib5j20a0cy-python3-3.12.8"
        }
      }
    },
    "sqlc@latest": {
      "last_modified": "2025-05-16T20:19:48Z",
      "resolved": "github:NixOS/nixpkgs/12a55407652e04dcf2309436eb06fef0d3713ef3#sqlc",
      "source": "devbox-search",
      "version": "1.29.0",
      "systems": {
        "aarch64-darwin": {
          "outputs": [
            {
              "name": "out",
              "path": "/nix/store/59x6309fph8whrgq9km66vh0m6xxbbsm-sqlc-1.29.0",
              "default": true
            }
          ],
          "store_path": "/nix/store/59x6309fph8whrgq9km66vh0m6xxbbsm-sqlc-1.29.0"
        },
        "aarch64-linux": {
          "outputs": [
            {
              "name": "out",
              "path": "/nix/store/8fivw8sfx1b5lskjzwdy3jpahpmpkgsf-sqlc-1.29.0",
              "default": true
            }
          ],
          "store_path": "/nix/store/8fivw8sfx1b5lskjzwdy3jpahpmpkgsf-sqlc-1.29.0"
        },
        "x86_64-darwin": {
          "outputs": [
            {
              "name": "out",
              "path": "/nix/store/0klmpx4r5y22qw4q7i77rak1qfxqmmi1-sqlc-1.29.0",
              "default": true
            }
          ],
          "store_path": "/nix/store/0klmpx4r5y22qw4q7i77rak1qfxqmmi1-sqlc-1.29.0"
        },
        "x86_64-linux": {
          "outputs": [
            {
              "name": "out",
              "path": "/nix/store/qs2fwl68y7vl6v82w7jh6bm0zp6k8xbz-sqlc-1.29.0",
              "default": true
            }
          ],
          "store_path": "/nix/store/qs2fwl68y7vl6v82w7jh6bm0zp6k8xbz-sqlc-1.29.0"
        }
      }
    },
    "sqlite@latest": {
      "last_modified": "2025-05-29T08:12:58Z",
      "resolved": "github:NixOS/nixpkgs/3866ad91cfc172f08a6839def503d8fc2923c603#sqlite",
      "source": "devbox-search",
      "version": "3.48.0",
      "systems": {
        "aarch64-darwin": {
          "outputs": [
            {
              "name": "bin",
              "path": "/nix/store/cq20rd1ci51s72zv7k29h63clrj6rl0l-sqlite-3.48.0-bin",
              "default": true
            },
            {
              "name": "man",
              "path": "/nix/store/sal36w50bf6hlv076n4bypsyk51rn3ki-sqlite-3.48.0-man",
              "default": true
            },
            {
              "name": "dev",
              "path": "/nix/store/i30kh3xb6miyckm5nq554lmwfgciyxb7-sqlite-3.48.0-dev"
            },
            {
              "name": "doc",
              "path": "/nix/store/hxvmkk8icrgshsdg39qlsn9bia3dz41z-sqlite-3.48.0-doc"
            },
            {
              "name": "out",
              "path": "/nix/store/3q2bsgj3rpj8xksh6zgscwv3g1mzcjxy-sqlite-3.48.0"
            }
          ],
          "store_path": "/nix/store/cq20rd1ci51s72zv7k29h63clrj6rl0l-sqlite-3.48.0-bin"
        },
        "aarch64-linux": {
          "outputs": [
            {
              "name": "bin",
              "path": "/nix/store/j9gsxv41ravm46zxkq6bz0kih7vikf2q-sqlite-3.48.0-bin",
              "default": true
            },
            {
              "name": "man",
              "path": "/nix/store/53xmz12n4qch61r792wvlm8aaw88r2mv-sqlite-3.48.0-man",
              "default": true
            },
            {
              "name": "debug",
              "path": "/nix/store/cchzb2prmi3b93r0n252nj9kmi8sq15h-sqlite-3.48.0-debug"
            },
            {
              "name": "dev",
              "path": "/nix/store/qq5r0v7w2knd099ih1yi705sgqb6xrq4-sqlite-3.48.0-dev"
            },
            {
              "name": "doc",
              "path": "/nix/store/dy5bgi74fdcyrvsqljcm71ys8vln6jwq-sqlite-3.48.0-doc"
            },
            {
              "name": "out",
              "path": "/nix/store/nzzrpcj9r48kq73fwibjxbwpnykrj5rf-sqlite-3.48.0"
            }
          ],
          "store_path": "/nix/store/j9gsxv41ravm46zxkq6bz0kih7vikf2q-sqlite-3.48.0-bin"
        },
        "x86_64-darwin": {
          "outputs": [
            {
              "name": "bin",
              "path": "/nix/store/whxzqmryz1s807f9difm7sbky86p0mpl-sqlite-3.48.0-bin",
              "default": true
            },
            {
              "name": "man",
              "path": "/nix/store/c1q9an2k734218s47hsb3w7ppa5pdpgz-sqlite-3.48.0-man",
              "default": true
            },
            {
              "name": "out",
              "path": "/nix/store/9wjh0cydjvncz80x3l3flw67rvq6jwdq-sqlite-3.48.0"
            },
            {
              "name": "dev",
              "path": "/nix/store/2p883ilw7k58sq8hwcnl519di738wxp0-sqlite-3.48.0-dev"
            },
            {
              "name": "doc",
              "path": "/nix/store/dz22l0c3h2gxvzx45vkwcwd3sr0mvjs5-sqlite-3.48.0-doc"
            }
          ],
          "store_path": "/nix/store/whxzqmryz1s807f9difm7sbky86p0mpl-sqlite-3.48.0-bin"
        },
        "x86_64-linux": {
          "outputs": [
            {
              "name": "bin",
              "path": "/nix/store/b83kagl3d98zf8dbvh52lw4xg881bhkf-sqlite-3.48.0-bin",
              "default": true
            },
            {
              "name": "man",
              "path": "/nix/store/xrjy0a756pb41qq9a38lqvy2m7jd78p5-sqlite-3.48.0-man",
              "default": true
            },
            {
              "name": "out",
              "path": "/nix/store/yfjzkkkyxcalyj7l1n4d4y6s81i65hmy-sqlite-3.48.0"
            },
            {
              "name": "debug",
              "path": "/nix/store/719sjqlrhmrn02079dam88m0ch4gwm7h-sqlite-3.48.0-debug"
            },
            {
              "name": "dev",
              "path": "/nix/store/92gwa4j45skp8d096csmnj2a8jcn0q9w-sqlite-3.48.0-dev"
            },
            {
              "name": "doc",
              "path": "/nix/store/a0h09d196h7j564mrcy15bldd95blw7j-sqlite-3.48.0-doc"
            }
          ],
          "store_path": "/nix/store/b83kagl3d98zf8dbvh52lw4xg881bhkf-sqlite-3.48.0-bin"
        }
      }
    },
    "zig@latest": {
      "last_modified": "2025-05-24T21:46:02Z",
      "resolved": "github:NixOS/nixpkgs/edb3633f9100d9277d1c9af245a4e9337a980c07#zig",
      "source": "devbox-search",
      "version": "0.14.1",
      "systems": {
        "aarch64-darwin": {
          "outputs": [
            {
              "name": "out",
              "path": "/nix/store/nh9rks0mj5jci6kigly8ljjqazyxzwvv-zig-0.14.1",
              "default": true
            },
            {
              "name": "doc",
              "path": "/nix/store/yxrs4vmfdlybqyqra4hh96wyk880pcsz-zig-0.14.1-doc"
            }
          ],
          "store_path": "/nix/store/nh9rks0mj5jci6kigly8ljjqazyxzwvv-zig-0.14.1"
        },
        "aarch64-linux": {
          "outputs": [
            {
              "name": "out",
              "path": "/nix/store/7kp0fldzamj5ld6jwxn6sv895ngifpsk-zig-0.14.1",
              "default": true
            },
            {
              "name": "doc",
              "path": "/nix/store/nwgn72nbv8yw57fp2n5xbrlmk4jw38ba-zig-0.14.1-doc"
            }
          ],
          "store_path": "/nix/store/7kp0fldzamj5ld6jwxn6sv895ngifpsk-zig-0.14.1"
        },
        "x86_64-darwin": {
          "outputs": [
            {
              "name": "out",
              "path": "/nix/store/jwx2n7jqvfz2j3ksvhb7z4gif1l2dws5-zig-0.14.1",
              "default": true
            },
            {
              "name": "doc",
              "path": "/nix/store/brsnx84fqncynwaq2vfr6vy339pjxrh5-zig-0.14.1-doc"
            }
          ],
          "store_path": "/nix/store/jwx2n7jqvfz2j3ksvhb7z4gif1l2dws5-zig-0.14.1"
        },
        "x86_64-linux": {
          "outputs": [
            {
              "name": "out",
              "path": "/nix/store/jb7n26fqzkbvqqwz0wm69gx0rm4cw9lg-zig-0.14.1",
              "default": true
            },
            {
              "name": "doc",
              "path": "/nix/store/1jl2jjkgrhfaqrig49kn6541xxqhr4vc-zig-0.14.1-doc"
            }
          ],
          "store_path": "/nix/store/jb7n26fqzkbvqqwz0wm69gx0rm4cw9lg-zig-0.14.1"
        }
      }
    }
  }
}
